// !$*UTF8*$!
{
	archiveVersion = 1;
	classes = {
	};
	objectVersion = 46;
	objects = {

/* Begin PBXBuildFile section */
		8132D69A1B355AA00081DDDA /* AppDelegate.swift in Sources */ = {isa = PBXBuildFile; fileRef = 8132D6991B355AA00081DDDA /* AppDelegate.swift */; };
		8132D69F1B355AA00081DDDA /* Main.storyboard in Resources */ = {isa = PBXBuildFile; fileRef = 8132D69D1B355AA00081DDDA /* Main.storyboard */; };
		8132D6A11B355AA00081DDDA /* Images.xcassets in Resources */ = {isa = PBXBuildFile; fileRef = 8132D6A01B355AA00081DDDA /* Images.xcassets */; };
		8132D6A41B355AA00081DDDA /* LaunchScreen.xib in Resources */ = {isa = PBXBuildFile; fileRef = 8132D6A21B355AA00081DDDA /* LaunchScreen.xib */; };
		8132D6B01B355AA00081DDDA /* footballTests.swift in Sources */ = {isa = PBXBuildFile; fileRef = 8132D6AF1B355AA00081DDDA /* footballTests.swift */; };
		81C20D3C1B35B8A1000EFE59 /* HomeViewController.swift in Sources */ = {isa = PBXBuildFile; fileRef = 81C20D3B1B35B8A1000EFE59 /* HomeViewController.swift */; };
		81C20D3E1B35B8B6000EFE59 /* GameViewController.swift in Sources */ = {isa = PBXBuildFile; fileRef = 81C20D3D1B35B8B6000EFE59 /* GameViewController.swift */; };
		81C20D401B35B924000EFE59 /* Games.swift in Sources */ = {isa = PBXBuildFile; fileRef = 81C20D3F1B35B924000EFE59 /* Games.swift */; };
/* End PBXBuildFile section */

/* Begin PBXContainerItemProxy section */
		8132D6AA1B355AA00081DDDA /* PBXContainerItemProxy */ = {
			isa = PBXContainerItemProxy;
			containerPortal = 8132D68C1B355AA00081DDDA /* Project object */;
			proxyType = 1;
			remoteGlobalIDString = 8132D6931B355AA00081DDDA;
			remoteInfo = football;
		};
/* End PBXContainerItemProxy section */

/* Begin PBXFileReference section */
		8132D6941B355AA00081DDDA /* football.app */ = {isa = PBXFileReference; explicitFileType = wrapper.application; includeInIndex = 0; path = football.app; sourceTree = BUILT_PRODUCTS_DIR; };
		8132D6981B355AA00081DDDA /* Info.plist */ = {isa = PBXFileReference; lastKnownFileType = text.plist.xml; path = Info.plist; sourceTree = "<group>"; };
		8132D6991B355AA00081DDDA /* AppDelegate.swift */ = {isa = PBXFileReference; lastKnownFileType = sourcecode.swift; path = AppDelegate.swift; sourceTree = "<group>"; };
		8132D69E1B355AA00081DDDA /* Base */ = {isa = PBXFileReference; lastKnownFileType = file.storyboard; name = Base; path = Base.lproj/Main.storyboard; sourceTree = "<group>"; };
		8132D6A01B355AA00081DDDA /* Images.xcassets */ = {isa = PBXFileReference; lastKnownFileType = folder.assetcatalog; path = Images.xcassets; sourceTree = "<group>"; };
		8132D6A31B355AA00081DDDA /* Base */ = {isa = PBXFileReference; lastKnownFileType = file.xib; name = Base; path = Base.lproj/LaunchScreen.xib; sourceTree = "<group>"; };
		8132D6A91B355AA00081DDDA /* footballTests.xctest */ = {isa = PBXFileReference; explicitFileType = wrapper.cfbundle; includeInIndex = 0; path = footballTests.xctest; sourceTree = BUILT_PRODUCTS_DIR; };
		8132D6AE1B355AA00081DDDA /* Info.plist */ = {isa = PBXFileReference; lastKnownFileType = text.plist.xml; path = Info.plist; sourceTree = "<group>"; };
		8132D6AF1B355AA00081DDDA /* footballTests.swift */ = {isa = PBXFileReference; lastKnownFileType = sourcecode.swift; path = footballTests.swift; sourceTree = "<group>"; };
		81C20D3B1B35B8A1000EFE59 /* HomeViewController.swift */ = {isa = PBXFileReference; fileEncoding = 4; lastKnownFileType = sourcecode.swift; path = HomeViewController.swift; sourceTree = "<group>"; };
		81C20D3D1B35B8B6000EFE59 /* GameViewController.swift */ = {isa = PBXFileReference; fileEncoding = 4; lastKnownFileType = sourcecode.swift; path = GameViewController.swift; sourceTree = "<group>"; };
		81C20D3F1B35B924000EFE59 /* Games.swift */ = {isa = PBXFileReference; fileEncoding = 4; lastKnownFileType = sourcecode.swift; path = Games.swift; sourceTree = "<group>"; };
/* End PBXFileReference section */

/* Begin PBXFrameworksBuildPhase section */
		8132D6911B355AA00081DDDA /* Frameworks */ = {
			isa = PBXFrameworksBuildPhase;
			buildActionMask = 2147483647;
			files = (
			);
			runOnlyForDeploymentPostprocessing = 0;
		};
		8132D6A61B355AA00081DDDA /* Frameworks */ = {
			isa = PBXFrameworksBuildPhase;
			buildActionMask = 2147483647;
			files = (
			);
			runOnlyForDeploymentPostprocessing = 0;
		};
/* End PBXFrameworksBuildPhase section */

/* Begin PBXGroup section */
		8132D68B1B355AA00081DDDA = {
			isa = PBXGroup;
			children = (
				81C20D3F1B35B924000EFE59 /* Games.swift */,
				8132D6961B355AA00081DDDA /* football */,
				8132D6AC1B355AA00081DDDA /* footballTests */,
				8132D6951B355AA00081DDDA /* Products */,
			);
			sourceTree = "<group>";
		};
		8132D6951B355AA00081DDDA /* Products */ = {
			isa = PBXGroup;
			children = (
				8132D6941B355AA00081DDDA /* football.app */,
				8132D6A91B355AA00081DDDA /* footballTests.xctest */,
			);
			name = Products;
			sourceTree = "<group>";
		};
		8132D6961B355AA00081DDDA /* football */ = {
			isa = PBXGroup;
			children = (
				8132D6991B355AA00081DDDA /* AppDelegate.swift */,
				81C20D3B1B35B8A1000EFE59 /* HomeViewController.swift */,
				81C20D3D1B35B8B6000EFE59 /* GameViewController.swift */,
				8132D69D1B355AA00081DDDA /* Main.storyboard */,
				8132D6A01B355AA00081DDDA /* Images.xcassets */,
				8132D6A21B355AA00081DDDA /* LaunchScreen.xib */,
				8132D6971B355AA00081DDDA /* Supporting Files */,
			);
			path = football;
			sourceTree = "<group>";
		};
		8132D6971B355AA00081DDDA /* Supporting Files */ = {
			isa = PBXGroup;
			children = (
				8132D6981B355AA00081DDDA /* Info.plist */,
			);
			name = "Supporting Files";
			sourceTree = "<group>";
		};
		8132D6AC1B355AA00081DDDA /* footballTests */ = {
			isa = PBXGroup;
			children = (
				8132D6AF1B355AA00081DDDA /* footballTests.swift */,
				8132D6AD1B355AA00081DDDA /* Supporting Files */,
			);
			path = footballTests;
			sourceTree = "<group>";
		};
		8132D6AD1B355AA00081DDDA /* Supporting Files */ = {
			isa = PBXGroup;
			children = (
				8132D6AE1B355AA00081DDDA /* Info.plist */,
			);
			name = "Supporting Files";
			sourceTree = "<group>";
		};
/* End PBXGroup section */

/* Begin PBXNativeTarget section */
		8132D6931B355AA00081DDDA /* football */ = {
			isa = PBXNativeTarget;
			buildConfigurationList = 8132D6B31B355AA00081DDDA /* Build configuration list for PBXNativeTarget "football" */;
			buildPhases = (
				8132D6901B355AA00081DDDA /* Sources */,
				8132D6911B355AA00081DDDA /* Frameworks */,
				8132D6921B355AA00081DDDA /* Resources */,
			);
			buildRules = (
			);
			dependencies = (
			);
			name = football;
			productName = football;
			productReference = 8132D6941B355AA00081DDDA /* football.app */;
			productType = "com.apple.product-type.application";
		};
		8132D6A81B355AA00081DDDA /* footballTests */ = {
			isa = PBXNativeTarget;
			buildConfigurationList = 8132D6B61B355AA00081DDDA /* Build configuration list for PBXNativeTarget "footballTests" */;
			buildPhases = (
				8132D6A51B355AA00081DDDA /* Sources */,
				8132D6A61B355AA00081DDDA /* Frameworks */,
				8132D6A71B355AA00081DDDA /* Resources */,
			);
			buildRules = (
			);
			dependencies = (
				8132D6AB1B355AA00081DDDA /* PBXTargetDependency */,
			);
			name = footballTests;
			productName = footballTests;
			productReference = 8132D6A91B355AA00081DDDA /* footballTests.xctest */;
			productType = "com.apple.product-type.bundle.unit-test";
		};
/* End PBXNativeTarget section */

/* Begin PBXProject section */
		8132D68C1B355AA00081DDDA /* Project object */ = {
			isa = PBXProject;
			attributes = {
				LastUpgradeCheck = 0630;
				ORGANIZATIONNAME = "Pranav Gore";
				TargetAttributes = {
					8132D6931B355AA00081DDDA = {
						CreatedOnToolsVersion = 6.3.1;
					};
					8132D6A81B355AA00081DDDA = {
						CreatedOnToolsVersion = 6.3.1;
						TestTargetID = 8132D6931B355AA00081DDDA;
					};
				};
			};
			buildConfigurationList = 8132D68F1B355AA00081DDDA /* Build configuration list for PBXProject "football" */;
			compatibilityVersion = "Xcode 3.2";
			developmentRegion = English;
			hasScannedForEncodings = 0;
			knownRegions = (
				en,
				Base,
			);
			mainGroup = 8132D68B1B355AA00081DDDA;
			productRefGroup = 8132D6951B355AA00081DDDA /* Products */;
			projectDirPath = "";
			projectRoot = "";
			targets = (
				8132D6931B355AA00081DDDA /* football */,
				8132D6A81B355AA00081DDDA /* footballTests */,
			);
		};
/* End PBXProject section */

/* Begin PBXResourcesBuildPhase section */
		8132D6921B355AA00081DDDA /* Resources */ = {
			isa = PBXResourcesBuildPhase;
			buildActionMask = 2147483647;
			files = (
				8132D69F1B355AA00081DDDA /* Main.storyboard in Resources */,
				8132D6A41B355AA00081DDDA /* LaunchScreen.xib in Resources */,
				8132D6A11B355AA00081DDDA /* Images.xcassets in Resources */,
			);
			runOnlyForDeploymentPostprocessing = 0;
		};
		8132D6A71B355AA00081DDDA /* Resources */ = {
			isa = PBXResourcesBuildPhase;
			buildActionMask = 2147483647;
			files = (
			);
			runOnlyForDeploymentPostprocessing = 0;
		};
/* End PBXResourcesBuildPhase section */

/* Begin PBXSourcesBuildPhase section */
		8132D6901B355AA00081DDDA /* Sources */ = {
			isa = PBXSourcesBuildPhase;
			buildActionMask = 2147483647;
			files = (
				8132D69A1B355AA00081DDDA /* AppDelegate.swift in Sources */,
				81C20D3E1B35B8B6000EFE59 /* GameViewController.swift in Sources */,
				81C20D3C1B35B8A1000EFE59 /* HomeViewController.swift in Sources */,
				81C20D401B35B924000EFE59 /* Games.swift in Sources */,
			);
			runOnlyForDeploymentPostprocessing = 0;
		};
		8132D6A51B355AA00081DDDA /* Sources */ = {
			isa = PBXSourcesBuildPhase;
			buildActionMask = 2147483647;
			files = (
				8132D6B01B355AA00081DDDA /* footballTests.swift in Sources */,
			);
			runOnlyForDeploymentPostprocessing = 0;
		};
/* End PBXSourcesBuildPhase section */

/* Begin PBXTargetDependency section */
		8132D6AB1B355AA00081DDDA /* PBXTargetDependency */ = {
			isa = PBXTargetDependency;
			target = 8132D6931B355AA00081DDDA /* football */;
			targetProxy = 8132D6AA1B355AA00081DDDA /* PBXContainerItemProxy */;
		};
/* End PBXTargetDependency section */

/* Begin PBXVariantGroup section */
		8132D69D1B355AA00081DDDA /* Main.storyboard */ = {
			isa = PBXVariantGroup;
			children = (
				8132D69E1B355AA00081DDDA /* Base */,
			);
			name = Main.storyboard;
			sourceTree = "<group>";
		};
		8132D6A21B355AA00081DDDA /* LaunchScreen.xib */ = {
			isa = PBXVariantGroup;
			children = (
				8132D6A31B355AA00081DDDA /* Base */,
			);
			name = LaunchScreen.xib;
			sourceTree = "<group>";
		};
/* End PBXVariantGroup section */

/* Begin XCBuildConfiguration section */
		8132D6B11B355AA00081DDDA /* Debug */ = {
			isa = XCBuildConfiguration;
			buildSettings = {
				ALWAYS_SEARCH_USER_PATHS = NO;
				CLANG_CXX_LANGUAGE_STANDARD = "gnu++0x";
				CLANG_CXX_LIBRARY = "libc++";
				CLANG_ENABLE_MODULES = YES;
				CLANG_ENABLE_OBJC_ARC = YES;
				CLANG_WARN_BOOL_CONVERSION = YES;
				CLANG_WARN_CONSTANT_CONVERSION = YES;
				CLANG_WARN_DIRECT_OBJC_ISA_USAGE = YES_ERROR;
				CLANG_WARN_EMPTY_BODY = YES;
				CLANG_WARN_ENUM_CONVERSION = YES;
				CLANG_WARN_INT_CONVERSION = YES;
				CLANG_WARN_OBJC_ROOT_CLASS = YES_ERROR;
				CLANG_WARN_UNREACHABLE_CODE = YES;
				CLANG_WARN__DUPLICATE_METHOD_MATCH = YES;
				"CODE_SIGN_IDENTITY[sdk=iphoneos*]" = "iPhone Developer";
				COPY_PHASE_STRIP = NO;
				DEBUG_INFORMATION_FORMAT = "dwarf-with-dsym";
				ENABLE_STRICT_OBJC_MSGSEND = YES;
				GCC_C_LANGUAGE_STANDARD = gnu99;
				GCC_DYNAMIC_NO_PIC = NO;
				GCC_NO_COMMON_BLOCKS = YES;
				GCC_OPTIMIZATION_LEVEL = 0;
				GCC_PREPROCESSOR_DEFINITIONS = (
					"DEBUG=1",
					"$(inherited)",
				);
				GCC_SYMBOLS_PRIVATE_EXTERN = NO;
				GCC_WARN_64_TO_32_BIT_CONVERSION = YES;
				GCC_WARN_ABOUT_RETURN_TYPE = YES_ERROR;
				GCC_WARN_UNDECLARED_SELECTOR = YES;
				GCC_WARN_UNINITIALIZED_AUTOS = YES_AGGRESSIVE;
				GCC_WARN_UNUSED_FUNCTION = YES;
				GCC_WARN_UNUSED_VARIABLE = YES;
				IPHONEOS_DEPLOYMENT_TARGET = 8.3;
				MTL_ENABLE_DEBUG_INFO = YES;
				ONLY_ACTIVE_ARCH = YES;
				SDKROOT = iphoneos;
				SWIFT_OPTIMIZATION_LEVEL = "-Onone";
			};
			name = Debug;
		};
		8132D6B21B355AA00081DDDA /* Release */ = {
			isa = XCBuildConfiguration;
			buildSettings = {
				ALWAYS_SEARCH_USER_PATHS = NO;
				CLANG_CXX_LANGUAGE_STANDARD = "gnu++0x";
				CLANG_CXX_LIBRARY = "libc++";
				CLANG_ENABLE_MODULES = YES;
				CLANG_ENABLE_OBJC_ARC = YES;
				CLANG_WARN_BOOL_CONVERSION = YES;
				CLANG_WARN_CONSTANT_CONVERSION = YES;
				CLANG_WARN_DIRECT_OBJC_ISA_USAGE = YES_ERROR;
				CLANG_WARN_EMPTY_BODY = YES;
				CLANG_WARN_ENUM_CONVERSION = YES;
				CLANG_WARN_INT_CONVERSION = YES;
				CLANG_WARN_OBJC_ROOT_CLASS = YES_ERROR;
				CLANG_WARN_UNREACHABLE_CODE = YES;
				CLANG_WARN__DUPLICATE_METHOD_MATCH = YES;
				"CODE_SIGN_IDENTITY[sdk=iphoneos*]" = "iPhone Developer";
				COPY_PHASE_STRIP = NO;
				DEBUG_INFORMATION_FORMAT = "dwarf-with-dsym";
				ENABLE_NS_ASSERTIONS = NO;
				ENABLE_STRICT_OBJC_MSGSEND = YES;
				GCC_C_LANGUAGE_STANDARD = gnu99;
				GCC_NO_COMMON_BLOCKS = YES;
				GCC_WARN_64_TO_32_BIT_CONVERSION = YES;
				GCC_WARN_ABOUT_RETURN_TYPE = YES_ERROR;
				GCC_WARN_UNDECLARED_SELECTOR = YES;
				GCC_WARN_UNINITIALIZED_AUTOS = YES_AGGRESSIVE;
				GCC_WARN_UNUSED_FUNCTION = YES;
				GCC_WARN_UNUSED_VARIABLE = YES;
				IPHONEOS_DEPLOYMENT_TARGET = 8.3;
				MTL_ENABLE_DEBUG_INFO = NO;
				SDKROOT = iphoneos;
				VALIDATE_PRODUCT = YES;
			};
			name = Release;
		};
		8132D6B41B355AA00081DDDA /* Debug */ = {
			isa = XCBuildConfiguration;
			buildSettings = {
				ASSETCATALOG_COMPILER_APPICON_NAME = AppIcon;
				INFOPLIST_FILE = football/Info.plist;
				LD_RUNPATH_SEARCH_PATHS = "$(inherited) @executable_path/Frameworks";
				PRODUCT_NAME = "$(TARGET_NAME)";
				TARGETED_DEVICE_FAMILY = 1;
			};
			name = Debug;
		};
		8132D6B51B355AA00081DDDA /* Release */ = {
			isa = XCBuildConfiguration;
			buildSettings = {
				ASSETCATALOG_COMPILER_APPICON_NAME = AppIcon;
				INFOPLIST_FILE = football/Info.plist;
				LD_RUNPATH_SEARCH_PATHS = "$(inherited) @executable_path/Frameworks";
				PRODUCT_NAME = "$(TARGET_NAME)";
				TARGETED_DEVICE_FAMILY = 1;
			};
			name = Release;
		};
		8132D6B71B355AA00081DDDA /* Debug */ = {
			isa = XCBuildConfiguration;
			buildSettings = {
				BUNDLE_LOADER = "$(TEST_HOST)";
				FRAMEWORK_SEARCH_PATHS = (
					"$(SDKROOT)/Developer/Library/Frameworks",
					"$(inherited)",
				);
				GCC_PREPROCESSOR_DEFINITIONS = (
					"DEBUG=1",
					"$(inherited)",
				);
				INFOPLIST_FILE = footballTests/Info.plist;
				LD_RUNPATH_SEARCH_PATHS = "$(inherited) @executable_path/Frameworks @loader_path/Frameworks";
				PRODUCT_NAME = "$(TARGET_NAME)";
				TEST_HOST = "$(BUILT_PRODUCTS_DIR)/football.app/football";
			};
			name = Debug;
		};
		8132D6B81B355AA00081DDDA /* Release */ = {
			isa = XCBuildConfiguration;
			buildSettings = {
				BUNDLE_LOADER = "$(TEST_HOST)";
				FRAMEWORK_SEARCH_PATHS = (
					"$(SDKROOT)/Developer/Library/Frameworks",
					"$(inherited)",
				);
				INFOPLIST_FILE = footballTests/Info.plist;
				LD_RUNPATH_SEARCH_PATHS = "$(inherited) @executable_path/Frameworks @loader_path/Frameworks";
				PRODUCT_NAME = "$(TARGET_NAME)";
				TEST_HOST = "$(BUILT_PRODUCTS_DIR)/football.app/football";
			};
			name = Release;
		};
/* End XCBuildConfiguration section */

/* Begin XCConfigurationList section */
		8132D68F1B355AA00081DDDA /* Build configuration list for PBXProject "football" */ = {
			isa = XCConfigurationList;
			buildConfigurations = (
				8132D6B11B355AA00081DDDA /* Debug */,
				8132D6B21B355AA00081DDDA /* Release */,
			);
			defaultConfigurationIsVisible = 0;
			defaultConfigurationName = Release;
		};
		8132D6B31B355AA00081DDDA /* Build configuration list for PBXNativeTarget "football" */ = {
			isa = XCConfigurationList;
			buildConfigurations = (
				8132D6B41B355AA00081DDDA /* Debug */,
				8132D6B51B355AA00081DDDA /* Release */,
			);
			defaultConfigurationIsVisible = 0;
			defaultConfigurationName = Release;
		};
		8132D6B61B355AA00081DDDA /* Build configuration list for PBXNativeTarget "footballTests" */ = {
			isa = XCConfigurationList;
			buildConfigurations = (
				8132D6B71B355AA00081DDDA /* Debug */,
				8132D6B81B355AA00081DDDA /* Release */,
			);
			defaultConfigurationIsVisible = 0;
			defaultConfigurationName = Release;
		};
/* End XCConfigurationList section */
	};
	rootObject = 8132D68C1B355AA00081DDDA /* Project object */;
}
